// !$*UTF8*$!
{
	archiveVersion = 1;
	classes = {
	};
	objectVersion = 56;
	objects = {

/* Begin PBXBuildFile section */
		C8017BC32B4B9366003C8CC7 /* AppDelegate.swift in Sources */ = {isa = PBXBuildFile; fileRef = C8017BC22B4B9366003C8CC7 /* AppDelegate.swift */; };
		C8017BC52B4B9366003C8CC7 /* SceneDelegate.swift in Sources */ = {isa = PBXBuildFile; fileRef = C8017BC42B4B9366003C8CC7 /* SceneDelegate.swift */; };
		C8017BC72B4B9366003C8CC7 /* ImagesListViewController.swift in Sources */ = {isa = PBXBuildFile; fileRef = C8017BC62B4B9366003C8CC7 /* ImagesListViewController.swift */; };
		C8017BCA2B4B9366003C8CC7 /* Main.storyboard in Resources */ = {isa = PBXBuildFile; fileRef = C8017BC82B4B9366003C8CC7 /* Main.storyboard */; };
		C8017BCC2B4B9367003C8CC7 /* Assets.xcassets in Resources */ = {isa = PBXBuildFile; fileRef = C8017BCB2B4B9367003C8CC7 /* Assets.xcassets */; };
		C8017BCF2B4B9367003C8CC7 /* LaunchScreen.storyboard in Resources */ = {isa = PBXBuildFile; fileRef = C8017BCD2B4B9367003C8CC7 /* LaunchScreen.storyboard */; };
		C80AE72C2B652DE0005C9782 /* SingleImageViewController.swift in Sources */ = {isa = PBXBuildFile; fileRef = C80AE72B2B652DE0005C9782 /* SingleImageViewController.swift */; };
		C85B769B2B50637B00E6815A /* ImagesListCell.swift in Sources */ = {isa = PBXBuildFile; fileRef = C85B769A2B50637B00E6815A /* ImagesListCell.swift */; };
		C871684C2BA60CE4008422F2 /* ProgressHUD in Frameworks */ = {isa = PBXBuildFile; productRef = C871684B2BA60CE4008422F2 /* ProgressHUD */; };
		C88FF1E82B64F1B700F64284 /* ProfileViewController.swift in Sources */ = {isa = PBXBuildFile; fileRef = C88FF1E72B64F1B700F64284 /* ProfileViewController.swift */; };
		C8D5165F2B7B37D600BB796A /* Constants.swift in Sources */ = {isa = PBXBuildFile; fileRef = C8D5165E2B7B37D600BB796A /* Constants.swift */; };
		C8D516612B7B660C00BB796A /* AuthViewController.swift in Sources */ = {isa = PBXBuildFile; fileRef = C8D516602B7B660C00BB796A /* AuthViewController.swift */; };
		C8D516632B7B732400BB796A /* WebViewViewController.swift in Sources */ = {isa = PBXBuildFile; fileRef = C8D516622B7B732400BB796A /* WebViewViewController.swift */; };
		C8D516662B80D9F200BB796A /* OAuthTokenResponseBody.swift in Sources */ = {isa = PBXBuildFile; fileRef = C8D516652B80D9F200BB796A /* OAuthTokenResponseBody.swift */; };
		C8D516682B80DB0500BB796A /* OAuth2Service.swift in Sources */ = {isa = PBXBuildFile; fileRef = C8D516672B80DB0500BB796A /* OAuth2Service.swift */; };
		C8D5166A2B80E2FA00BB796A /* OAuth2TokenStorage.swift in Sources */ = {isa = PBXBuildFile; fileRef = C8D516692B80E2FA00BB796A /* OAuth2TokenStorage.swift */; };
		C8D5166D2B834D5300BB796A /* SplashViewController.swift in Sources */ = {isa = PBXBuildFile; fileRef = C8D5166C2B834D5300BB796A /* SplashViewController.swift */; };
/* End PBXBuildFile section */

/* Begin PBXFileReference section */
		C8017BBF2B4B9366003C8CC7 /* ImageFeed.app */ = {isa = PBXFileReference; explicitFileType = wrapper.application; includeInIndex = 0; path = ImageFeed.app; sourceTree = BUILT_PRODUCTS_DIR; };
		C8017BC22B4B9366003C8CC7 /* AppDelegate.swift */ = {isa = PBXFileReference; lastKnownFileType = sourcecode.swift; path = AppDelegate.swift; sourceTree = "<group>"; };
		C8017BC42B4B9366003C8CC7 /* SceneDelegate.swift */ = {isa = PBXFileReference; lastKnownFileType = sourcecode.swift; path = SceneDelegate.swift; sourceTree = "<group>"; };
		C8017BC62B4B9366003C8CC7 /* ImagesListViewController.swift */ = {isa = PBXFileReference; lastKnownFileType = sourcecode.swift; path = ImagesListViewController.swift; sourceTree = "<group>"; };
		C8017BC92B4B9366003C8CC7 /* Base */ = {isa = PBXFileReference; lastKnownFileType = file.storyboard; name = Base; path = Base.lproj/Main.storyboard; sourceTree = "<group>"; };
		C8017BCB2B4B9367003C8CC7 /* Assets.xcassets */ = {isa = PBXFileReference; lastKnownFileType = folder.assetcatalog; path = Assets.xcassets; sourceTree = "<group>"; };
		C8017BCE2B4B9367003C8CC7 /* Base */ = {isa = PBXFileReference; lastKnownFileType = file.storyboard; name = Base; path = Base.lproj/LaunchScreen.storyboard; sourceTree = "<group>"; };
		C8017BD02B4B9367003C8CC7 /* Info.plist */ = {isa = PBXFileReference; lastKnownFileType = text.plist.xml; path = Info.plist; sourceTree = "<group>"; };
		C80AE72B2B652DE0005C9782 /* SingleImageViewController.swift */ = {isa = PBXFileReference; lastKnownFileType = sourcecode.swift; path = SingleImageViewController.swift; sourceTree = "<group>"; };
		C85B769A2B50637B00E6815A /* ImagesListCell.swift */ = {isa = PBXFileReference; lastKnownFileType = sourcecode.swift; path = ImagesListCell.swift; sourceTree = "<group>"; };
		C88FF1E72B64F1B700F64284 /* ProfileViewController.swift */ = {isa = PBXFileReference; lastKnownFileType = sourcecode.swift; path = ProfileViewController.swift; sourceTree = "<group>"; };
		C8D5165E2B7B37D600BB796A /* Constants.swift */ = {isa = PBXFileReference; lastKnownFileType = sourcecode.swift; path = Constants.swift; sourceTree = "<group>"; };
		C8D516602B7B660C00BB796A /* AuthViewController.swift */ = {isa = PBXFileReference; lastKnownFileType = sourcecode.swift; path = AuthViewController.swift; sourceTree = "<group>"; };
		C8D516622B7B732400BB796A /* WebViewViewController.swift */ = {isa = PBXFileReference; lastKnownFileType = sourcecode.swift; path = WebViewViewController.swift; sourceTree = "<group>"; };
		C8D516652B80D9F200BB796A /* OAuthTokenResponseBody.swift */ = {isa = PBXFileReference; lastKnownFileType = sourcecode.swift; path = OAuthTokenResponseBody.swift; sourceTree = "<group>"; };
		C8D516672B80DB0500BB796A /* OAuth2Service.swift */ = {isa = PBXFileReference; lastKnownFileType = sourcecode.swift; path = OAuth2Service.swift; sourceTree = "<group>"; };
		C8D516692B80E2FA00BB796A /* OAuth2TokenStorage.swift */ = {isa = PBXFileReference; lastKnownFileType = sourcecode.swift; path = OAuth2TokenStorage.swift; sourceTree = "<group>"; };
		C8D5166C2B834D5300BB796A /* SplashViewController.swift */ = {isa = PBXFileReference; lastKnownFileType = sourcecode.swift; path = SplashViewController.swift; sourceTree = "<group>"; };
/* End PBXFileReference section */

/* Begin PBXFrameworksBuildPhase section */
		C8017BBC2B4B9366003C8CC7 /* Frameworks */ = {
			isa = PBXFrameworksBuildPhase;
			buildActionMask = 2147483647;
			files = (
				C871684C2BA60CE4008422F2 /* ProgressHUD in Frameworks */,
			);
			runOnlyForDeploymentPostprocessing = 0;
		};
/* End PBXFrameworksBuildPhase section */

/* Begin PBXGroup section */
		C8017BB62B4B9366003C8CC7 = {
			isa = PBXGroup;
			children = (
				C8017BC12B4B9366003C8CC7 /* ImageFeed */,
				C8017BC02B4B9366003C8CC7 /* Products */,
			);
			sourceTree = "<group>";
		};
		C8017BC02B4B9366003C8CC7 /* Products */ = {
			isa = PBXGroup;
			children = (
				C8017BBF2B4B9366003C8CC7 /* ImageFeed.app */,
			);
			name = Products;
			sourceTree = "<group>";
		};
		C8017BC12B4B9366003C8CC7 /* ImageFeed */ = {
			isa = PBXGroup;
			children = (
				C8D5166B2B834D1B00BB796A /* SplashViewController */,
				C8D516642B80D9A900BB796A /* OAuth */,
				C8D5165D2B7B378900BB796A /* Auth */,
				C80AE72A2B652DA7005C9782 /* SingleImage */,
				C88FF1E62B64F17800F64284 /* Profile */,
				C85B769C2B5063CC00E6815A /* IImagesList */,
				C8017BC22B4B9366003C8CC7 /* AppDelegate.swift */,
				C8017BC42B4B9366003C8CC7 /* SceneDelegate.swift */,
				C8D5165E2B7B37D600BB796A /* Constants.swift */,
				C8017BC82B4B9366003C8CC7 /* Main.storyboard */,
				C8017BCB2B4B9367003C8CC7 /* Assets.xcassets */,
				C8017BCD2B4B9367003C8CC7 /* LaunchScreen.storyboard */,
				C8017BD02B4B9367003C8CC7 /* Info.plist */,
			);
			path = ImageFeed;
			sourceTree = "<group>";
		};
		C80AE72A2B652DA7005C9782 /* SingleImage */ = {
			isa = PBXGroup;
			children = (
				C80AE72B2B652DE0005C9782 /* SingleImageViewController.swift */,
			);
			path = SingleImage;
			sourceTree = "<group>";
		};
		C85B769C2B5063CC00E6815A /* IImagesList */ = {
			isa = PBXGroup;
			children = (
				C8017BC62B4B9366003C8CC7 /* ImagesListViewController.swift */,
				C85B769A2B50637B00E6815A /* ImagesListCell.swift */,
			);
			path = IImagesList;
			sourceTree = "<group>";
		};
		C88FF1E62B64F17800F64284 /* Profile */ = {
			isa = PBXGroup;
			children = (
				C88FF1E72B64F1B700F64284 /* ProfileViewController.swift */,
			);
			path = Profile;
			sourceTree = "<group>";
		};
		C8D5165D2B7B378900BB796A /* Auth */ = {
			isa = PBXGroup;
			children = (
				C8D516602B7B660C00BB796A /* AuthViewController.swift */,
				C8D516622B7B732400BB796A /* WebViewViewController.swift */,
			);
			path = Auth;
			sourceTree = "<group>";
		};
		C8D516642B80D9A900BB796A /* OAuth */ = {
			isa = PBXGroup;
			children = (
				C8D516652B80D9F200BB796A /* OAuthTokenResponseBody.swift */,
				C8D516672B80DB0500BB796A /* OAuth2Service.swift */,
				C8D516692B80E2FA00BB796A /* OAuth2TokenStorage.swift */,
			);
			path = OAuth;
			sourceTree = "<group>";
		};
		C8D5166B2B834D1B00BB796A /* SplashViewController */ = {
			isa = PBXGroup;
			children = (
				C8D5166C2B834D5300BB796A /* SplashViewController.swift */,
			);
			path = SplashViewController;
			sourceTree = "<group>";
		};
/* End PBXGroup section */

/* Begin PBXNativeTarget section */
		C8017BBE2B4B9366003C8CC7 /* ImageFeed */ = {
			isa = PBXNativeTarget;
			buildConfigurationList = C8017BD32B4B9367003C8CC7 /* Build configuration list for PBXNativeTarget "ImageFeed" */;
			buildPhases = (
				C8017BBB2B4B9366003C8CC7 /* Sources */,
				C8017BBC2B4B9366003C8CC7 /* Frameworks */,
				C8017BBD2B4B9366003C8CC7 /* Resources */,
			);
			buildRules = (
			);
			dependencies = (
			);
			name = ImageFeed;
			packageProductDependencies = (
				C871684B2BA60CE4008422F2 /* ProgressHUD */,
			);
			productName = ImageFeed;
			productReference = C8017BBF2B4B9366003C8CC7 /* ImageFeed.app */;
			productType = "com.apple.product-type.application";
		};
/* End PBXNativeTarget section */

/* Begin PBXProject section */
		C8017BB72B4B9366003C8CC7 /* Project object */ = {
			isa = PBXProject;
			attributes = {
				BuildIndependentTargetsInParallel = 1;
				LastSwiftUpdateCheck = 1510;
				LastUpgradeCheck = 1510;
				TargetAttributes = {
					C8017BBE2B4B9366003C8CC7 = {
						CreatedOnToolsVersion = 15.1;
					};
				};
			};
			buildConfigurationList = C8017BBA2B4B9366003C8CC7 /* Build configuration list for PBXProject "ImageFeed" */;
			compatibilityVersion = "Xcode 14.0";
			developmentRegion = en;
			hasScannedForEncodings = 0;
			knownRegions = (
				en,
				Base,
			);
			mainGroup = C8017BB62B4B9366003C8CC7;
			packageReferences = (
				C871684A2BA60CE4008422F2 /* XCRemoteSwiftPackageReference "ProgressHUD" */,
			);
			productRefGroup = C8017BC02B4B9366003C8CC7 /* Products */;
			projectDirPath = "";
			projectRoot = "";
			targets = (
				C8017BBE2B4B9366003C8CC7 /* ImageFeed */,
			);
		};
/* End PBXProject section */

/* Begin PBXResourcesBuildPhase section */
		C8017BBD2B4B9366003C8CC7 /* Resources */ = {
			isa = PBXResourcesBuildPhase;
			buildActionMask = 2147483647;
			files = (
				C8017BCF2B4B9367003C8CC7 /* LaunchScreen.storyboard in Resources */,
				C8017BCC2B4B9367003C8CC7 /* Assets.xcassets in Resources */,
				C8017BCA2B4B9366003C8CC7 /* Main.storyboard in Resources */,
			);
			runOnlyForDeploymentPostprocessing = 0;
		};
/* End PBXResourcesBuildPhase section */

/* Begin PBXSourcesBuildPhase section */
		C8017BBB2B4B9366003C8CC7 /* Sources */ = {
			isa = PBXSourcesBuildPhase;
			buildActionMask = 2147483647;
			files = (
				C8D5166A2B80E2FA00BB796A /* OAuth2TokenStorage.swift in Sources */,
				C8017BC72B4B9366003C8CC7 /* ImagesListViewController.swift in Sources */,
				C85B769B2B50637B00E6815A /* ImagesListCell.swift in Sources */,
				C88FF1E82B64F1B700F64284 /* ProfileViewController.swift in Sources */,
				C8017BC32B4B9366003C8CC7 /* AppDelegate.swift in Sources */,
				C8D516682B80DB0500BB796A /* OAuth2Service.swift in Sources */,
				C8D5166D2B834D5300BB796A /* SplashViewController.swift in Sources */,
				C8D516662B80D9F200BB796A /* OAuthTokenResponseBody.swift in Sources */,
				C8D516612B7B660C00BB796A /* AuthViewController.swift in Sources */,
				C8D5165F2B7B37D600BB796A /* Constants.swift in Sources */,
				C80AE72C2B652DE0005C9782 /* SingleImageViewController.swift in Sources */,
				C8D516632B7B732400BB796A /* WebViewViewController.swift in Sources */,
				C8017BC52B4B9366003C8CC7 /* SceneDelegate.swift in Sources */,
			);
			runOnlyForDeploymentPostprocessing = 0;
		};
/* End PBXSourcesBuildPhase section */

/* Begin PBXVariantGroup section */
		C8017BC82B4B9366003C8CC7 /* Main.storyboard */ = {
			isa = PBXVariantGroup;
			children = (
				C8017BC92B4B9366003C8CC7 /* Base */,
			);
			name = Main.storyboard;
			sourceTree = "<group>";
		};
		C8017BCD2B4B9367003C8CC7 /* LaunchScreen.storyboard */ = {
			isa = PBXVariantGroup;
			children = (
				C8017BCE2B4B9367003C8CC7 /* Base */,
			);
			name = LaunchScreen.storyboard;
			sourceTree = "<group>";
		};
/* End PBXVariantGroup section */

/* Begin XCBuildConfiguration section */
		C8017BD12B4B9367003C8CC7 /* Debug */ = {
			isa = XCBuildConfiguration;
			buildSettings = {
				ALWAYS_SEARCH_USER_PATHS = NO;
				ASSETCATALOG_COMPILER_GENERATE_SWIFT_ASSET_SYMBOL_EXTENSIONS = YES;
				CLANG_ANALYZER_NONNULL = YES;
				CLANG_ANALYZER_NUMBER_OBJECT_CONVERSION = YES_AGGRESSIVE;
				CLANG_CXX_LANGUAGE_STANDARD = "gnu++20";
				CLANG_ENABLE_MODULES = YES;
				CLANG_ENABLE_OBJC_ARC = YES;
				CLANG_ENABLE_OBJC_WEAK = YES;
				CLANG_WARN_BLOCK_CAPTURE_AUTORELEASING = YES;
				CLANG_WARN_BOOL_CONVERSION = YES;
				CLANG_WARN_COMMA = YES;
				CLANG_WARN_CONSTANT_CONVERSION = YES;
				CLANG_WARN_DEPRECATED_OBJC_IMPLEMENTATIONS = YES;
				CLANG_WARN_DIRECT_OBJC_ISA_USAGE = YES_ERROR;
				CLANG_WARN_DOCUMENTATION_COMMENTS = YES;
				CLANG_WARN_EMPTY_BODY = YES;
				CLANG_WARN_ENUM_CONVERSION = YES;
				CLANG_WARN_INFINITE_RECURSION = YES;
				CLANG_WARN_INT_CONVERSION = YES;
				CLANG_WARN_NON_LITERAL_NULL_CONVERSION = YES;
				CLANG_WARN_OBJC_IMPLICIT_RETAIN_SELF = YES;
				CLANG_WARN_OBJC_LITERAL_CONVERSION = YES;
				CLANG_WARN_OBJC_ROOT_CLASS = YES_ERROR;
				CLANG_WARN_QUOTED_INCLUDE_IN_FRAMEWORK_HEADER = YES;
				CLANG_WARN_RANGE_LOOP_ANALYSIS = YES;
				CLANG_WARN_STRICT_PROTOTYPES = YES;
				CLANG_WARN_SUSPICIOUS_MOVE = YES;
				CLANG_WARN_UNGUARDED_AVAILABILITY = YES_AGGRESSIVE;
				CLANG_WARN_UNREACHABLE_CODE = YES;
				CLANG_WARN__DUPLICATE_METHOD_MATCH = YES;
				COPY_PHASE_STRIP = NO;
				DEBUG_INFORMATION_FORMAT = dwarf;
				ENABLE_STRICT_OBJC_MSGSEND = YES;
				ENABLE_TESTABILITY = YES;
				ENABLE_USER_SCRIPT_SANDBOXING = YES;
				GCC_C_LANGUAGE_STANDARD = gnu17;
				GCC_DYNAMIC_NO_PIC = NO;
				GCC_NO_COMMON_BLOCKS = YES;
				GCC_OPTIMIZATION_LEVEL = 0;
				GCC_PREPROCESSOR_DEFINITIONS = (
					"DEBUG=1",
					"$(inherited)",
				);
				GCC_WARN_64_TO_32_BIT_CONVERSION = YES;
				GCC_WARN_ABOUT_RETURN_TYPE = YES_ERROR;
				GCC_WARN_UNDECLARED_SELECTOR = YES;
				GCC_WARN_UNINITIALIZED_AUTOS = YES_AGGRESSIVE;
				GCC_WARN_UNUSED_FUNCTION = YES;
				GCC_WARN_UNUSED_VARIABLE = YES;
				IPHONEOS_DEPLOYMENT_TARGET = 13.0;
				LOCALIZATION_PREFERS_STRING_CATALOGS = YES;
				MTL_ENABLE_DEBUG_INFO = INCLUDE_SOURCE;
				MTL_FAST_MATH = YES;
				ONLY_ACTIVE_ARCH = YES;
				SDKROOT = iphoneos;
				SWIFT_ACTIVE_COMPILATION_CONDITIONS = "DEBUG $(inherited)";
				SWIFT_OPTIMIZATION_LEVEL = "-Onone";
			};
			name = Debug;
		};
		C8017BD22B4B9367003C8CC7 /* Release */ = {
			isa = XCBuildConfiguration;
			buildSettings = {
				ALWAYS_SEARCH_USER_PATHS = NO;
				ASSETCATALOG_COMPILER_GENERATE_SWIFT_ASSET_SYMBOL_EXTENSIONS = YES;
				CLANG_ANALYZER_NONNULL = YES;
				CLANG_ANALYZER_NUMBER_OBJECT_CONVERSION = YES_AGGRESSIVE;
				CLANG_CXX_LANGUAGE_STANDARD = "gnu++20";
				CLANG_ENABLE_MODULES = YES;
				CLANG_ENABLE_OBJC_ARC = YES;
				CLANG_ENABLE_OBJC_WEAK = YES;
				CLANG_WARN_BLOCK_CAPTURE_AUTORELEASING = YES;
				CLANG_WARN_BOOL_CONVERSION = YES;
				CLANG_WARN_COMMA = YES;
				CLANG_WARN_CONSTANT_CONVERSION = YES;
				CLANG_WARN_DEPRECATED_OBJC_IMPLEMENTATIONS = YES;
				CLANG_WARN_DIRECT_OBJC_ISA_USAGE = YES_ERROR;
				CLANG_WARN_DOCUMENTATION_COMMENTS = YES;
				CLANG_WARN_EMPTY_BODY = YES;
				CLANG_WARN_ENUM_CONVERSION = YES;
				CLANG_WARN_INFINITE_RECURSION = YES;
				CLANG_WARN_INT_CONVERSION = YES;
				CLANG_WARN_NON_LITERAL_NULL_CONVERSION = YES;
				CLANG_WARN_OBJC_IMPLICIT_RETAIN_SELF = YES;
				CLANG_WARN_OBJC_LITERAL_CONVERSION = YES;
				CLANG_WARN_OBJC_ROOT_CLASS = YES_ERROR;
				CLANG_WARN_QUOTED_INCLUDE_IN_FRAMEWORK_HEADER = YES;
				CLANG_WARN_RANGE_LOOP_ANALYSIS = YES;
				CLANG_WARN_STRICT_PROTOTYPES = YES;
				CLANG_WARN_SUSPICIOUS_MOVE = YES;
				CLANG_WARN_UNGUARDED_AVAILABILITY = YES_AGGRESSIVE;
				CLANG_WARN_UNREACHABLE_CODE = YES;
				CLANG_WARN__DUPLICATE_METHOD_MATCH = YES;
				COPY_PHASE_STRIP = NO;
				DEBUG_INFORMATION_FORMAT = "dwarf-with-dsym";
				ENABLE_NS_ASSERTIONS = NO;
				ENABLE_STRICT_OBJC_MSGSEND = YES;
				ENABLE_USER_SCRIPT_SANDBOXING = YES;
				GCC_C_LANGUAGE_STANDARD = gnu17;
				GCC_NO_COMMON_BLOCKS = YES;
				GCC_WARN_64_TO_32_BIT_CONVERSION = YES;
				GCC_WARN_ABOUT_RETURN_TYPE = YES_ERROR;
				GCC_WARN_UNDECLARED_SELECTOR = YES;
				GCC_WARN_UNINITIALIZED_AUTOS = YES_AGGRESSIVE;
				GCC_WARN_UNUSED_FUNCTION = YES;
				GCC_WARN_UNUSED_VARIABLE = YES;
				IPHONEOS_DEPLOYMENT_TARGET = 13.0;
				LOCALIZATION_PREFERS_STRING_CATALOGS = YES;
				MTL_ENABLE_DEBUG_INFO = NO;
				MTL_FAST_MATH = YES;
				SDKROOT = iphoneos;
				SWIFT_COMPILATION_MODE = wholemodule;
				VALIDATE_PRODUCT = YES;
			};
			name = Release;
		};
		C8017BD42B4B9367003C8CC7 /* Debug */ = {
			isa = XCBuildConfiguration;
			buildSettings = {
				ASSETCATALOG_COMPILER_APPICON_NAME = AppIcon;
				ASSETCATALOG_COMPILER_GLOBAL_ACCENT_COLOR_NAME = AccentColor;
				CODE_SIGN_STYLE = Automatic;
				CURRENT_PROJECT_VERSION = 1;
				DEVELOPMENT_TEAM = DW8TYMM7W4;
				GENERATE_INFOPLIST_FILE = YES;
				INFOPLIST_FILE = ImageFeed/Info.plist;
				INFOPLIST_KEY_UIApplicationSupportsIndirectInputEvents = YES;
				INFOPLIST_KEY_UILaunchStoryboardName = LaunchScreen;
				INFOPLIST_KEY_UIMainStoryboardFile = Main;
				INFOPLIST_KEY_UISupportedInterfaceOrientations = UIInterfaceOrientationPortrait;
				INFOPLIST_KEY_UISupportedInterfaceOrientations_iPad = "UIInterfaceOrientationLandscapeLeft UIInterfaceOrientationLandscapeRight UIInterfaceOrientationPortrait UIInterfaceOrientationPortraitUpsideDown";
				INFOPLIST_KEY_UISupportedInterfaceOrientations_iPhone = UIInterfaceOrientationPortrait;
				IPHONEOS_DEPLOYMENT_TARGET = 13.0;
				LD_RUNPATH_SEARCH_PATHS = (
					"$(inherited)",
					"@executable_path/Frameworks",
				);
				MARKETING_VERSION = 1.0;
				PRODUCT_BUNDLE_IDENTIFIER = ru.kudryashovav.ImageFeed;
				PRODUCT_NAME = "$(TARGET_NAME)";
				SUPPORTED_PLATFORMS = "iphoneos iphonesimulator";
				SUPPORTS_MACCATALYST = NO;
				SWIFT_EMIT_LOC_STRINGS = YES;
				SWIFT_VERSION = 5.0;
				TARGETED_DEVICE_FAMILY = 1;
			};
			name = Debug;
		};
		C8017BD52B4B9367003C8CC7 /* Release */ = {
			isa = XCBuildConfiguration;
			buildSettings = {
				ASSETCATALOG_COMPILER_APPICON_NAME = AppIcon;
				ASSETCATALOG_COMPILER_GLOBAL_ACCENT_COLOR_NAME = AccentColor;
				CODE_SIGN_STYLE = Automatic;
				CURRENT_PROJECT_VERSION = 1;
				DEVELOPMENT_TEAM = DW8TYMM7W4;
				GENERATE_INFOPLIST_FILE = YES;
				INFOPLIST_FILE = ImageFeed/Info.plist;
				INFOPLIST_KEY_UIApplicationSupportsIndirectInputEvents = YES;
				INFOPLIST_KEY_UILaunchStoryboardName = LaunchScreen;
				INFOPLIST_KEY_UIMainStoryboardFile = Main;
				INFOPLIST_KEY_UISupportedInterfaceOrientations = UIInterfaceOrientationPortrait;
				INFOPLIST_KEY_UISupportedInterfaceOrientations_iPad = "UIInterfaceOrientationLandscapeLeft UIInterfaceOrientationLandscapeRight UIInterfaceOrientationPortrait UIInterfaceOrientationPortraitUpsideDown";
				INFOPLIST_KEY_UISupportedInterfaceOrientations_iPhone = UIInterfaceOrientationPortrait;
				IPHONEOS_DEPLOYMENT_TARGET = 13.0;
				LD_RUNPATH_SEARCH_PATHS = (
					"$(inherited)",
					"@executable_path/Frameworks",
				);
				MARKETING_VERSION = 1.0;
				PRODUCT_BUNDLE_IDENTIFIER = ru.kudryashovav.ImageFeed;
				PRODUCT_NAME = "$(TARGET_NAME)";
				SUPPORTED_PLATFORMS = "iphoneos iphonesimulator";
				SUPPORTS_MACCATALYST = NO;
				SWIFT_EMIT_LOC_STRINGS = YES;
				SWIFT_VERSION = 5.0;
				TARGETED_DEVICE_FAMILY = 1;
			};
			name = Release;
		};
/* End XCBuildConfiguration section */

/* Begin XCConfigurationList section */
		C8017BBA2B4B9366003C8CC7 /* Build configuration list for PBXProject "ImageFeed" */ = {
			isa = XCConfigurationList;
			buildConfigurations = (
				C8017BD12B4B9367003C8CC7 /* Debug */,
				C8017BD22B4B9367003C8CC7 /* Release */,
			);
			defaultConfigurationIsVisible = 0;
			defaultConfigurationName = Release;
		};
		C8017BD32B4B9367003C8CC7 /* Build configuration list for PBXNativeTarget "ImageFeed" */ = {
			isa = XCConfigurationList;
			buildConfigurations = (
				C8017BD42B4B9367003C8CC7 /* Debug */,
				C8017BD52B4B9367003C8CC7 /* Release */,
			);
			defaultConfigurationIsVisible = 0;
			defaultConfigurationName = Release;
		};
/* End XCConfigurationList section */

/* Begin XCRemoteSwiftPackageReference section */
		C871684A2BA60CE4008422F2 /* XCRemoteSwiftPackageReference "ProgressHUD" */ = {
			isa = XCRemoteSwiftPackageReference;
			repositoryURL = "https://github.com/relatedcode/ProgressHUD";
			requirement = {
				kind = upToNextMajorVersion;
				minimumVersion = 13.8.6;
			};
		};
/* End XCRemoteSwiftPackageReference section */

/* Begin XCSwiftPackageProductDependency section */
		C871684B2BA60CE4008422F2 /* ProgressHUD */ = {
			isa = XCSwiftPackageProductDependency;
			package = C871684A2BA60CE4008422F2 /* XCRemoteSwiftPackageReference "ProgressHUD" */;
			productName = ProgressHUD;
		};
/* End XCSwiftPackageProductDependency section */
	};
	rootObject = C8017BB72B4B9366003C8CC7 /* Project object */;
}
